
Microsoft Visual Studio Solution File, Format Version 12.00
# Visual Studio 15
VisualStudioVersion = 15.0.26403.7
MinimumVisualStudioVersion = 10.0.40219.1
Project("{FAE04EC0-301F-11D3-BF4B-00C04F79EFBC}") = "Painted_Trailer_Mod_Tool", "Painted_Trailer_Mod_Tool\Painted_Trailer_Mod_Tool.csproj", "{A00714D5-FEBD-456B-8D99-9A8A8261F145}"
EndProject
Global
	GlobalSection(SolutionConfigurationPlatforms) = preSolution
		Debug|Any CPU = Debug|Any CPU
		Release|Any CPU = Release|Any CPU
	EndGlobalSection
	GlobalSection(ProjectConfigurationPlatforms) = postSolution
		{A00714D5-FEBD-456B-8D99-9A8A8261F145}.Debug|Any CPU.ActiveCfg = Debug|Any CPU
		{A00714D5-FEBD-456B-8D99-9A8A8261F145}.Debug|Any CPU.Build.0 = Debug|Any CPU
		{A00714D5-FEBD-456B-8D99-9A8A8261F145}.Release|Any CPU.ActiveCfg = Release|Any CPU
		{A00714D5-FEBD-456B-8D99-9A8A8261F145}.Release|Any CPU.Build.0 = Release|Any CPU
	EndGlobalSection
	GlobalSection(SolutionProperties) = preSolution
		HideSolutionNode = FALSE
	EndGlobalSection
EndGlobal
